<?xml version="1.0" encoding="utf-8"?>
<Project ToolsVersion="4.0" xmlns="http://schemas.microsoft.com/developer/msbuild/2003">
  <ItemGroup>
    <Filter Include="Quelldateien">
      <UniqueIdentifier>{4FC737F1-C7A5-4376-A066-2A32D752A2FF}</UniqueIdentifier>
      <Extensions>cpp;c;cc;cxx;def;odl;idl;hpj;bat;asm;asmx</Extensions>
    </Filter>
    <Filter Include="Headerdateien">
      <UniqueIdentifier>{93995380-89BD-4b04-88EB-625FBE52EBFB}</UniqueIdentifier>
      <Extensions>h;hh;hpp;hxx;hm;inl;inc;xsd</Extensions>
    </Filter>
    <Filter Include="Ressourcendateien">
      <UniqueIdentifier>{67DA6AB6-F800-4c08-8B7A-83BB121AAD01}</UniqueIdentifier>
      <Extensions>rc;ico;cur;bmp;dlg;rc2;rct;bin;rgs;gif;jpg;jpeg;jpe;resx;tiff;tif;png;wav;mfcribbon-ms</Extensions>
    </Filter>
  </ItemGroup>
  <ItemGroup>
    <ClCompile Include="main.cpp">
      <Filter>Quelldateien</Filter>
    </ClCompile>
    <ClCompile Include="Application.cpp">
      <Filter>Quelldateien</Filter>
    </ClCompile>
    <ClCompile Include="RootScene.cpp">
      <Filter>Quelldateien</Filter>
    </ClCompile>
    <ClCompile Include="Scene.cpp">
      <Filter>Quelldateien</Filter>
    </ClCompile>
    <ClCompile Include="FpsController.cpp">
      <Filter>Quelldateien</Filter>
    </ClCompile>
    <ClCompile Include="ResourceManager.cpp">
      <Filter>Quelldateien</Filter>
    </ClCompile>
    <ClCompile Include="InfoLog.cpp">
      <Filter>Quelldateien</Filter>
    </ClCompile>
    <ClCompile Include="Globals.cpp">
      <Filter>Quelldateien</Filter>
    </ClCompile>
    <ClCompile Include="Shader.cpp">
      <Filter>Quelldateien</Filter>
    </ClCompile>
    <ClCompile Include="GeneticRootScene.cpp">
      <Filter>Quelldateien</Filter>
    </ClCompile>
    <ClCompile Include="InputState.cpp">
      <Filter>Quelldateien</Filter>
    </ClCompile>
    <ClCompile Include="Event.cpp">
      <Filter>Quelldateien</Filter>
    </ClCompile>
    <ClCompile Include="Model.cpp">
      <Filter>Quelldateien</Filter>
    </ClCompile>
    <ClCompile Include="TestScene.cpp">
      <Filter>Quelldateien</Filter>
    </ClCompile>
    <ClCompile Include="Layout.cpp">
      <Filter>Quelldateien</Filter>
    </ClCompile>
    <ClCompile Include="HorizontalLayout.cpp">
      <Filter>Quelldateien</Filter>
    </ClCompile>
    <ClCompile Include="VerticalLayout.cpp">
      <Filter>Quelldateien</Filter>
    </ClCompile>
    <ClCompile Include="Mesh.cpp">
      <Filter>Quelldateien</Filter>
    </ClCompile>
    <ClCompile Include="Texture.cpp">
      <Filter>Quelldateien</Filter>
    </ClCompile>
    <ClCompile Include="WeightedLayout.cpp">
      <Filter>Quelldateien</Filter>
    </ClCompile>
    <ClCompile Include="ConstantLayout.cpp">
      <Filter>Quelldateien</Filter>
    </ClCompile>
    <ClCompile Include="Font.cpp">
      <Filter>Quelldateien</Filter>
    </ClCompile>
    <ClCompile Include="Text.cpp">
      <Filter>Quelldateien</Filter>
    </ClCompile>
    <ClCompile Include="Image.cpp">
      <Filter>Quelldateien</Filter>
    </ClCompile>
    <ClCompile Include="Strings.cpp">
      <Filter>Quelldateien</Filter>
    </ClCompile>
    <ClCompile Include="Entity.cpp">
      <Filter>Quelldateien</Filter>
    </ClCompile>
    <ClCompile Include="Viewer.cpp">
      <Filter>Quelldateien</Filter>
    </ClCompile>
    <ClCompile Include="Viewer2.cpp">
      <Filter>Quelldateien</Filter>
    </ClCompile>
    <ClCompile Include="Camera.cpp">
      <Filter>Quelldateien</Filter>
    </ClCompile>
    <ClCompile Include="Camera2.cpp">
      <Filter>Quelldateien</Filter>
    </ClCompile>
    <ClCompile Include="ViewerTest.cpp">
      <Filter>Quelldateien</Filter>
    </ClCompile>
    <ClCompile Include="EntityComponent.cpp">
      <Filter>Quelldateien</Filter>
    </ClCompile>
    <ClCompile Include="ModelEnity.cpp">
      <Filter>Quelldateien</Filter>
    </ClCompile>
    <ClCompile Include="Maths.cpp">
      <Filter>Quelldateien</Filter>
    </ClCompile>
    <ClCompile Include="Animator.cpp">
      <Filter>Quelldateien</Filter>
    </ClCompile>
    <ClCompile Include="ConstantAnimator.cpp">
      <Filter>Quelldateien</Filter>
    </ClCompile>
    <ClCompile Include="ClampFuncs.cpp">
      <Filter>Quelldateien</Filter>
    </ClCompile>
    <ClCompile Include="Mdl.cpp">
      <Filter>Quelldateien</Filter>
    </ClCompile>
    <ClCompile Include="ResourceGetter.cpp">
      <Filter>Quelldateien</Filter>
    </ClCompile>
    <ClCompile Include="TextModel.cpp">
      <Filter>Quelldateien</Filter>
    </ClCompile>
    <ClCompile Include="ImageEntity.cpp">
      <Filter>Quelldateien</Filter>
    </ClCompile>
    <ClCompile Include="AnimatedComponent.cpp">
      <Filter>Quelldateien</Filter>
    </ClCompile>
    <ClCompile Include="PairAnimator.cpp">
      <Filter>Quelldateien</Filter>
    </ClCompile>
    <ClCompile Include="InterpolationFuncs.cpp">
      <Filter>Quelldateien</Filter>
    </ClCompile>
  </ItemGroup>
  <ItemGroup>
    <ClInclude Include="StdAfx.h">
      <Filter>Headerdateien</Filter>
    </ClInclude>
    <ClInclude Include="Application.h">
      <Filter>Headerdateien</Filter>
    </ClInclude>
    <ClInclude Include="Scene.h">
      <Filter>Headerdateien</Filter>
    </ClInclude>
    <ClInclude Include="RootScene.h">
      <Filter>Headerdateien</Filter>
    </ClInclude>
    <ClInclude Include="FpsController.h">
      <Filter>Headerdateien</Filter>
    </ClInclude>
    <ClInclude Include="ResourceManager.h">
      <Filter>Headerdateien</Filter>
    </ClInclude>
    <ClInclude Include="InfoLog.h">
      <Filter>Headerdateien</Filter>
    </ClInclude>
    <ClInclude Include="Globals.h">
      <Filter>Headerdateien</Filter>
    </ClInclude>
    <ClInclude Include="Shader.h">
      <Filter>Headerdateien</Filter>
    </ClInclude>
    <ClInclude Include="GeneticRootScene.h">
      <Filter>Headerdateien</Filter>
    </ClInclude>
    <ClInclude Include="InputState.h">
      <Filter>Headerdateien</Filter>
    </ClInclude>
    <ClInclude Include="Event.h">
      <Filter>Headerdateien</Filter>
    </ClInclude>
    <ClInclude Include="Model.h">
      <Filter>Headerdateien</Filter>
    </ClInclude>
    <ClInclude Include="TestScene.h">
      <Filter>Headerdateien</Filter>
    </ClInclude>
    <ClInclude Include="Layout.h">
      <Filter>Headerdateien</Filter>
    </ClInclude>
    <ClInclude Include="HorizontalLayout.h">
      <Filter>Headerdateien</Filter>
    </ClInclude>
    <ClInclude Include="VerticalLayout.h">
      <Filter>Headerdateien</Filter>
    </ClInclude>
    <ClInclude Include="Mesh.h">
      <Filter>Headerdateien</Filter>
    </ClInclude>
    <ClInclude Include="Texture.h">
      <Filter>Headerdateien</Filter>
    </ClInclude>
    <ClInclude Include="stb_image.h">
      <Filter>Headerdateien</Filter>
    </ClInclude>
    <ClInclude Include="WeightedLayout.h">
      <Filter>Headerdateien</Filter>
    </ClInclude>
    <ClInclude Include="ConstantLayout.h">
      <Filter>Headerdateien</Filter>
    </ClInclude>
    <ClInclude Include="stlsort.h">
      <Filter>Headerdateien</Filter>
    </ClInclude>
    <ClInclude Include="Font.h">
      <Filter>Headerdateien</Filter>
    </ClInclude>
    <ClInclude Include="Text.h">
      <Filter>Headerdateien</Filter>
    </ClInclude>
    <ClInclude Include="Image.h">
      <Filter>Headerdateien</Filter>
    </ClInclude>
    <ClInclude Include="Strings.h">
      <Filter>Headerdateien</Filter>
    </ClInclude>
    <ClInclude Include="Entity.h">
      <Filter>Headerdateien</Filter>
    </ClInclude>
    <ClInclude Include="Viewer.h">
      <Filter>Headerdateien</Filter>
    </ClInclude>
    <ClInclude Include="Viewer2.h">
      <Filter>Headerdateien</Filter>
    </ClInclude>
    <ClInclude Include="Camera.h">
      <Filter>Headerdateien</Filter>
    </ClInclude>
    <ClInclude Include="Camera2.h">
      <Filter>Headerdateien</Filter>
    </ClInclude>
    <ClInclude Include="ViewerTest.h">
      <Filter>Headerdateien</Filter>
    </ClInclude>
    <ClInclude Include="EntityComponent.h">
      <Filter>Headerdateien</Filter>
    </ClInclude>
    <ClInclude Include="ModelEnity.h">
      <Filter>Headerdateien</Filter>
    </ClInclude>
    <ClInclude Include="Maths.h">
      <Filter>Headerdateien</Filter>
    </ClInclude>
    <ClInclude Include="RenderMode.h">
      <Filter>Headerdateien</Filter>
    </ClInclude>
    <ClInclude Include="Animator.h">
      <Filter>Headerdateien</Filter>
    </ClInclude>
    <ClInclude Include="ConstantAnimator.h">
      <Filter>Headerdateien</Filter>
    </ClInclude>
    <ClInclude Include="ClampFuncs.h">
      <Filter>Headerdateien</Filter>
    </ClInclude>
    <ClInclude Include="Mdl.h">
      <Filter>Headerdateien</Filter>
    </ClInclude>
    <ClInclude Include="ResourceGetter.h">
      <Filter>Headerdateien</Filter>
    </ClInclude>
    <ClInclude Include="TextModel.h">
      <Filter>Headerdateien</Filter>
    </ClInclude>
    <ClInclude Include="ImageEntity.h">
      <Filter>Headerdateien</Filter>
    </ClInclude>
    <ClInclude Include="AnimatedComponent.h">
      <Filter>Headerdateien</Filter>
    </ClInclude>
    <ClInclude Include="PairAnimator.h">
      <Filter>Headerdateien</Filter>
    </ClInclude>
    <ClInclude Include="InterpolationFuncs.h">
      <Filter>Headerdateien</Filter>
    </ClInclude>
  </ItemGroup>
  <ItemGroup>
    <None Include="res\shaders\standard.vert" />
    <None Include="res\shaders\standard.frag" />
  </ItemGroup>
</Project>